// !$*UTF8*$!
{
	archiveVersion = 1;
	classes = {
	};
	objectVersion = 56;
	objects = {

/* Begin PBXBuildFile section */
		3C2F6E0F2A8EA7EA002D1538 /* EpisodeModel.swift in Sources */ = {isa = PBXBuildFile; fileRef = 3C2F6E0E2A8EA7EA002D1538 /* EpisodeModel.swift */; };
		3C2F6E132A8ED8D9002D1538 /* UINavController + Ext.swift in Sources */ = {isa = PBXBuildFile; fileRef = 3C2F6E122A8ED8D9002D1538 /* UINavController + Ext.swift */; };
		3C3F70ED2A8D4DFF00FF786C /* RickAndMortyApp.swift in Sources */ = {isa = PBXBuildFile; fileRef = 3C3F70EC2A8D4DFF00FF786C /* RickAndMortyApp.swift */; };
		3C3F70EF2A8D4DFF00FF786C /* ContentView.swift in Sources */ = {isa = PBXBuildFile; fileRef = 3C3F70EE2A8D4DFF00FF786C /* ContentView.swift */; };
		3C3F70F12A8D4E0300FF786C /* Assets.xcassets in Resources */ = {isa = PBXBuildFile; fileRef = 3C3F70F02A8D4E0300FF786C /* Assets.xcassets */; };
		3C3F70F42A8D4E0300FF786C /* Preview Assets.xcassets in Resources */ = {isa = PBXBuildFile; fileRef = 3C3F70F32A8D4E0300FF786C /* Preview Assets.xcassets */; };
		3C3F70FB2A8D4EB900FF786C /* SplashScreenView.swift in Sources */ = {isa = PBXBuildFile; fileRef = 3C3F70FA2A8D4EB900FF786C /* SplashScreenView.swift */; };
		3C3F70FD2A8D519000FF786C /* Color + Ext.swift in Sources */ = {isa = PBXBuildFile; fileRef = 3C3F70FC2A8D519000FF786C /* Color + Ext.swift */; };
		3C3F71002A8D54B300FF786C /* CharactersView.swift in Sources */ = {isa = PBXBuildFile; fileRef = 3C3F70FF2A8D54B300FF786C /* CharactersView.swift */; };
		3C3F71022A8D54D500FF786C /* CharactersDetailsView.swift in Sources */ = {isa = PBXBuildFile; fileRef = 3C3F71012A8D54D500FF786C /* CharactersDetailsView.swift */; };
		3C3F71042A8D5B6200FF786C /* RMViewModel.swift in Sources */ = {isa = PBXBuildFile; fileRef = 3C3F71032A8D5B6200FF786C /* RMViewModel.swift */; };
		3C3F710D2A8D608100FF786C /* RMService.swift in Sources */ = {isa = PBXBuildFile; fileRef = 3C3F710C2A8D608100FF786C /* RMService.swift */; };
		3C3F710F2A8D60C500FF786C /* ResultModel.swift in Sources */ = {isa = PBXBuildFile; fileRef = 3C3F710E2A8D60C500FF786C /* ResultModel.swift */; };
		3C3F71112A8D65DC00FF786C /* CharacterViewCell.swift in Sources */ = {isa = PBXBuildFile; fileRef = 3C3F71102A8D65DC00FF786C /* CharacterViewCell.swift */; };
/* End PBXBuildFile section */

/* Begin PBXFileReference section */
		3C2F6E0E2A8EA7EA002D1538 /* EpisodeModel.swift */ = {isa = PBXFileReference; lastKnownFileType = sourcecode.swift; path = EpisodeModel.swift; sourceTree = "<group>"; };
		3C2F6E122A8ED8D9002D1538 /* UINavController + Ext.swift */ = {isa = PBXFileReference; lastKnownFileType = sourcecode.swift; path = "UINavController + Ext.swift"; sourceTree = "<group>"; };
		3C3F70E92A8D4DFF00FF786C /* RickAndMorty.app */ = {isa = PBXFileReference; explicitFileType = wrapper.application; includeInIndex = 0; path = RickAndMorty.app; sourceTree = BUILT_PRODUCTS_DIR; };
		3C3F70EC2A8D4DFF00FF786C /* RickAndMortyApp.swift */ = {isa = PBXFileReference; lastKnownFileType = sourcecode.swift; path = RickAndMortyApp.swift; sourceTree = "<group>"; };
		3C3F70EE2A8D4DFF00FF786C /* ContentView.swift */ = {isa = PBXFileReference; lastKnownFileType = sourcecode.swift; path = ContentView.swift; sourceTree = "<group>"; };
		3C3F70F02A8D4E0300FF786C /* Assets.xcassets */ = {isa = PBXFileReference; lastKnownFileType = folder.assetcatalog; path = Assets.xcassets; sourceTree = "<group>"; };
		3C3F70F32A8D4E0300FF786C /* Preview Assets.xcassets */ = {isa = PBXFileReference; lastKnownFileType = folder.assetcatalog; path = "Preview Assets.xcassets"; sourceTree = "<group>"; };
		3C3F70FA2A8D4EB900FF786C /* SplashScreenView.swift */ = {isa = PBXFileReference; lastKnownFileType = sourcecode.swift; path = SplashScreenView.swift; sourceTree = "<group>"; };
		3C3F70FC2A8D519000FF786C /* Color + Ext.swift */ = {isa = PBXFileReference; lastKnownFileType = sourcecode.swift; path = "Color + Ext.swift"; sourceTree = "<group>"; };
		3C3F70FF2A8D54B300FF786C /* CharactersView.swift */ = {isa = PBXFileReference; lastKnownFileType = sourcecode.swift; path = CharactersView.swift; sourceTree = "<group>"; };
		3C3F71012A8D54D500FF786C /* CharactersDetailsView.swift */ = {isa = PBXFileReference; lastKnownFileType = sourcecode.swift; path = CharactersDetailsView.swift; sourceTree = "<group>"; };
		3C3F71032A8D5B6200FF786C /* RMViewModel.swift */ = {isa = PBXFileReference; lastKnownFileType = sourcecode.swift; path = RMViewModel.swift; sourceTree = "<group>"; };
		3C3F710C2A8D608100FF786C /* RMService.swift */ = {isa = PBXFileReference; lastKnownFileType = sourcecode.swift; path = RMService.swift; sourceTree = "<group>"; };
		3C3F710E2A8D60C500FF786C /* ResultModel.swift */ = {isa = PBXFileReference; lastKnownFileType = sourcecode.swift; path = ResultModel.swift; sourceTree = "<group>"; };
		3C3F71102A8D65DC00FF786C /* CharacterViewCell.swift */ = {isa = PBXFileReference; lastKnownFileType = sourcecode.swift; path = CharacterViewCell.swift; sourceTree = "<group>"; };
/* End PBXFileReference section */

/* Begin PBXFrameworksBuildPhase section */
		3C3F70E62A8D4DFF00FF786C /* Frameworks */ = {
			isa = PBXFrameworksBuildPhase;
			buildActionMask = 2147483647;
			files = (
			);
			runOnlyForDeploymentPostprocessing = 0;
		};
/* End PBXFrameworksBuildPhase section */

/* Begin PBXGroup section */
		3C3F70E02A8D4DFF00FF786C = {
			isa = PBXGroup;
			children = (
				3C3F70EB2A8D4DFF00FF786C /* RickAndMorty */,
				3C3F70EA2A8D4DFF00FF786C /* Products */,
			);
			sourceTree = "<group>";
		};
		3C3F70EA2A8D4DFF00FF786C /* Products */ = {
			isa = PBXGroup;
			children = (
				3C3F70E92A8D4DFF00FF786C /* RickAndMorty.app */,
			);
			name = Products;
			sourceTree = "<group>";
		};
		3C3F70EB2A8D4DFF00FF786C /* RickAndMorty */ = {
			isa = PBXGroup;
			children = (
				3C3F70EC2A8D4DFF00FF786C /* RickAndMortyApp.swift */,
				3C3F70EE2A8D4DFF00FF786C /* ContentView.swift */,
				3C3F71062A8D5B6A00FF786C /* Model */,
				3C3F71082A8D5B7400FF786C /* View */,
				3C3F71052A8D5B6500FF786C /* ViewModel */,
				3C3F71092A8D604A00FF786C /* Services */,
				3C3F70FE2A8D519500FF786C /* Extensions */,
				3C3F70F02A8D4E0300FF786C /* Assets.xcassets */,
				3C3F70F22A8D4E0300FF786C /* Preview Content */,
			);
			path = RickAndMorty;
			sourceTree = "<group>";
		};
		3C3F70F22A8D4E0300FF786C /* Preview Content */ = {
			isa = PBXGroup;
			children = (
				3C3F70F32A8D4E0300FF786C /* Preview Assets.xcassets */,
			);
			path = "Preview Content";
			sourceTree = "<group>";
		};
		3C3F70FE2A8D519500FF786C /* Extensions */ = {
			isa = PBXGroup;
			children = (
				3C3F70FC2A8D519000FF786C /* Color + Ext.swift */,
				3C2F6E122A8ED8D9002D1538 /* UINavController + Ext.swift */,
			);
			path = Extensions;
			sourceTree = "<group>";
		};
		3C3F71052A8D5B6500FF786C /* ViewModel */ = {
			isa = PBXGroup;
			children = (
				3C3F71032A8D5B6200FF786C /* RMViewModel.swift */,
			);
			path = ViewModel;
			sourceTree = "<group>";
		};
		3C3F71062A8D5B6A00FF786C /* Model */ = {
			isa = PBXGroup;
			children = (
				3C3F710E2A8D60C500FF786C /* ResultModel.swift */,
				3C2F6E0E2A8EA7EA002D1538 /* EpisodeModel.swift */,
			);
			path = Model;
			sourceTree = "<group>";
		};
		3C3F71082A8D5B7400FF786C /* View */ = {
			isa = PBXGroup;
			children = (
				3C3F70FA2A8D4EB900FF786C /* SplashScreenView.swift */,
				3C3F70FF2A8D54B300FF786C /* CharactersView.swift */,
				3C3F71102A8D65DC00FF786C /* CharacterViewCell.swift */,
				3C3F71012A8D54D500FF786C /* CharactersDetailsView.swift */,
			);
			path = View;
			sourceTree = "<group>";
		};
		3C3F71092A8D604A00FF786C /* Services */ = {
			isa = PBXGroup;
			children = (
				3C3F710C2A8D608100FF786C /* RMService.swift */,
			);
			path = Services;
			sourceTree = "<group>";
		};
/* End PBXGroup section */

/* Begin PBXNativeTarget section */
		3C3F70E82A8D4DFF00FF786C /* RickAndMorty */ = {
			isa = PBXNativeTarget;
			buildConfigurationList = 3C3F70F72A8D4E0300FF786C /* Build configuration list for PBXNativeTarget "RickAndMorty" */;
			buildPhases = (
				3C3F70E52A8D4DFF00FF786C /* Sources */,
				3C3F70E62A8D4DFF00FF786C /* Frameworks */,
				3C3F70E72A8D4DFF00FF786C /* Resources */,
			);
			buildRules = (
			);
			dependencies = (
			);
			name = RickAndMorty;
			productName = RickAndMorty;
			productReference = 3C3F70E92A8D4DFF00FF786C /* RickAndMorty.app */;
			productType = "com.apple.product-type.application";
		};
/* End PBXNativeTarget section */

/* Begin PBXProject section */
		3C3F70E12A8D4DFF00FF786C /* Project object */ = {
			isa = PBXProject;
			attributes = {
				BuildIndependentTargetsInParallel = 1;
				LastSwiftUpdateCheck = 1500;
				LastUpgradeCheck = 1500;
				TargetAttributes = {
					3C3F70E82A8D4DFF00FF786C = {
						CreatedOnToolsVersion = 15.0;
					};
				};
			};
			buildConfigurationList = 3C3F70E42A8D4DFF00FF786C /* Build configuration list for PBXProject "RickAndMorty" */;
			compatibilityVersion = "Xcode 14.0";
			developmentRegion = en;
			hasScannedForEncodings = 0;
			knownRegions = (
				en,
				Base,
			);
			mainGroup = 3C3F70E02A8D4DFF00FF786C;
			productRefGroup = 3C3F70EA2A8D4DFF00FF786C /* Products */;
			projectDirPath = "";
			projectRoot = "";
			targets = (
				3C3F70E82A8D4DFF00FF786C /* RickAndMorty */,
			);
		};
/* End PBXProject section */

/* Begin PBXResourcesBuildPhase section */
		3C3F70E72A8D4DFF00FF786C /* Resources */ = {
			isa = PBXResourcesBuildPhase;
			buildActionMask = 2147483647;
			files = (
				3C3F70F42A8D4E0300FF786C /* Preview Assets.xcassets in Resources */,
				3C3F70F12A8D4E0300FF786C /* Assets.xcassets in Resources */,
			);
			runOnlyForDeploymentPostprocessing = 0;
		};
/* End PBXResourcesBuildPhase section */

/* Begin PBXSourcesBuildPhase section */
		3C3F70E52A8D4DFF00FF786C /* Sources */ = {
			isa = PBXSourcesBuildPhase;
			buildActionMask = 2147483647;
			files = (
				3C3F70EF2A8D4DFF00FF786C /* ContentView.swift in Sources */,
				3C3F71042A8D5B6200FF786C /* RMViewModel.swift in Sources */,
				3C3F71002A8D54B300FF786C /* CharactersView.swift in Sources */,
				3C3F70FD2A8D519000FF786C /* Color + Ext.swift in Sources */,
				3C3F71112A8D65DC00FF786C /* CharacterViewCell.swift in Sources */,
				3C2F6E132A8ED8D9002D1538 /* UINavController + Ext.swift in Sources */,
				3C2F6E0F2A8EA7EA002D1538 /* EpisodeModel.swift in Sources */,
				3C3F710F2A8D60C500FF786C /* ResultModel.swift in Sources */,
				3C3F70ED2A8D4DFF00FF786C /* RickAndMortyApp.swift in Sources */,
				3C3F70FB2A8D4EB900FF786C /* SplashScreenView.swift in Sources */,
				3C3F71022A8D54D500FF786C /* CharactersDetailsView.swift in Sources */,
				3C3F710D2A8D608100FF786C /* RMService.swift in Sources */,
			);
			runOnlyForDeploymentPostprocessing = 0;
		};
/* End PBXSourcesBuildPhase section */

/* Begin XCBuildConfiguration section */
		3C3F70F52A8D4E0300FF786C /* Debug */ = {
			isa = XCBuildConfiguration;
			buildSettings = {
				ALWAYS_SEARCH_USER_PATHS = NO;
				ASSETCATALOG_COMPILER_GENERATE_SWIFT_ASSET_SYMBOL_EXTENSIONS = YES;
				CLANG_ANALYZER_NONNULL = YES;
				CLANG_ANALYZER_NUMBER_OBJECT_CONVERSION = YES_AGGRESSIVE;
				CLANG_CXX_LANGUAGE_STANDARD = "gnu++20";
				CLANG_ENABLE_MODULES = YES;
				CLANG_ENABLE_OBJC_ARC = YES;
				CLANG_ENABLE_OBJC_WEAK = YES;
				CLANG_WARN_BLOCK_CAPTURE_AUTORELEASING = YES;
				CLANG_WARN_BOOL_CONVERSION = YES;
				CLANG_WARN_COMMA = YES;
				CLANG_WARN_CONSTANT_CONVERSION = YES;
				CLANG_WARN_DEPRECATED_OBJC_IMPLEMENTATIONS = YES;
				CLANG_WARN_DIRECT_OBJC_ISA_USAGE = YES_ERROR;
				CLANG_WARN_DOCUMENTATION_COMMENTS = YES;
				CLANG_WARN_EMPTY_BODY = YES;
				CLANG_WARN_ENUM_CONVERSION = YES;
				CLANG_WARN_INFINITE_RECURSION = YES;
				CLANG_WARN_INT_CONVERSION = YES;
				CLANG_WARN_NON_LITERAL_NULL_CONVERSION = YES;
				CLANG_WARN_OBJC_IMPLICIT_RETAIN_SELF = YES;
				CLANG_WARN_OBJC_LITERAL_CONVERSION = YES;
				CLANG_WARN_OBJC_ROOT_CLASS = YES_ERROR;
				CLANG_WARN_QUOTED_INCLUDE_IN_FRAMEWORK_HEADER = YES;
				CLANG_WARN_RANGE_LOOP_ANALYSIS = YES;
				CLANG_WARN_STRICT_PROTOTYPES = YES;
				CLANG_WARN_SUSPICIOUS_MOVE = YES;
				CLANG_WARN_UNGUARDED_AVAILABILITY = YES_AGGRESSIVE;
				CLANG_WARN_UNREACHABLE_CODE = YES;
				CLANG_WARN__DUPLICATE_METHOD_MATCH = YES;
				COPY_PHASE_STRIP = NO;
				DEBUG_INFORMATION_FORMAT = dwarf;
				ENABLE_STRICT_OBJC_MSGSEND = YES;
				ENABLE_TESTABILITY = YES;
				ENABLE_USER_SCRIPT_SANDBOXING = YES;
				GCC_C_LANGUAGE_STANDARD = gnu17;
				GCC_DYNAMIC_NO_PIC = NO;
				GCC_NO_COMMON_BLOCKS = YES;
				GCC_OPTIMIZATION_LEVEL = 0;
				GCC_PREPROCESSOR_DEFINITIONS = (
					"DEBUG=1",
					"$(inherited)",
				);
				GCC_WARN_64_TO_32_BIT_CONVERSION = YES;
				GCC_WARN_ABOUT_RETURN_TYPE = YES_ERROR;
				GCC_WARN_UNDECLARED_SELECTOR = YES;
				GCC_WARN_UNINITIALIZED_AUTOS = YES_AGGRESSIVE;
				GCC_WARN_UNUSED_FUNCTION = YES;
				GCC_WARN_UNUSED_VARIABLE = YES;
				IPHONEOS_DEPLOYMENT_TARGET = 17.0;
				LOCALIZATION_PREFERS_STRING_CATALOGS = YES;
				MTL_ENABLE_DEBUG_INFO = INCLUDE_SOURCE;
				MTL_FAST_MATH = YES;
				ONLY_ACTIVE_ARCH = YES;
				SDKROOT = iphoneos;
				SWIFT_ACTIVE_COMPILATION_CONDITIONS = "DEBUG $(inherited)";
				SWIFT_OPTIMIZATION_LEVEL = "-Onone";
			};
			name = Debug;
		};
		3C3F70F62A8D4E0300FF786C /* Release */ = {
			isa = XCBuildConfiguration;
			buildSettings = {
				ALWAYS_SEARCH_USER_PATHS = NO;
				ASSETCATALOG_COMPILER_GENERATE_SWIFT_ASSET_SYMBOL_EXTENSIONS = YES;
				CLANG_ANALYZER_NONNULL = YES;
				CLANG_ANALYZER_NUMBER_OBJECT_CONVERSION = YES_AGGRESSIVE;
				CLANG_CXX_LANGUAGE_STANDARD = "gnu++20";
				CLANG_ENABLE_MODULES = YES;
				CLANG_ENABLE_OBJC_ARC = YES;
				CLANG_ENABLE_OBJC_WEAK = YES;
				CLANG_WARN_BLOCK_CAPTURE_AUTORELEASING = YES;
				CLANG_WARN_BOOL_CONVERSION = YES;
				CLANG_WARN_COMMA = YES;
				CLANG_WARN_CONSTANT_CONVERSION = YES;
				CLANG_WARN_DEPRECATED_OBJC_IMPLEMENTATIONS = YES;
				CLANG_WARN_DIRECT_OBJC_ISA_USAGE = YES_ERROR;
				CLANG_WARN_DOCUMENTATION_COMMENTS = YES;
				CLANG_WARN_EMPTY_BODY = YES;
				CLANG_WARN_ENUM_CONVERSION = YES;
				CLANG_WARN_INFINITE_RECURSION = YES;
				CLANG_WARN_INT_CONVERSION = YES;
				CLANG_WARN_NON_LITERAL_NULL_CONVERSION = YES;
				CLANG_WARN_OBJC_IMPLICIT_RETAIN_SELF = YES;
				CLANG_WARN_OBJC_LITERAL_CONVERSION = YES;
				CLANG_WARN_OBJC_ROOT_CLASS = YES_ERROR;
				CLANG_WARN_QUOTED_INCLUDE_IN_FRAMEWORK_HEADER = YES;
				CLANG_WARN_RANGE_LOOP_ANALYSIS = YES;
				CLANG_WARN_STRICT_PROTOTYPES = YES;
				CLANG_WARN_SUSPICIOUS_MOVE = YES;
				CLANG_WARN_UNGUARDED_AVAILABILITY = YES_AGGRESSIVE;
				CLANG_WARN_UNREACHABLE_CODE = YES;
				CLANG_WARN__DUPLICATE_METHOD_MATCH = YES;
				COPY_PHASE_STRIP = NO;
				DEBUG_INFORMATION_FORMAT = "dwarf-with-dsym";
				ENABLE_NS_ASSERTIONS = NO;
				ENABLE_STRICT_OBJC_MSGSEND = YES;
				ENABLE_USER_SCRIPT_SANDBOXING = YES;
				GCC_C_LANGUAGE_STANDARD = gnu17;
				GCC_NO_COMMON_BLOCKS = YES;
				GCC_WARN_64_TO_32_BIT_CONVERSION = YES;
				GCC_WARN_ABOUT_RETURN_TYPE = YES_ERROR;
				GCC_WARN_UNDECLARED_SELECTOR = YES;
				GCC_WARN_UNINITIALIZED_AUTOS = YES_AGGRESSIVE;
				GCC_WARN_UNUSED_FUNCTION = YES;
				GCC_WARN_UNUSED_VARIABLE = YES;
				IPHONEOS_DEPLOYMENT_TARGET = 17.0;
				LOCALIZATION_PREFERS_STRING_CATALOGS = YES;
				MTL_ENABLE_DEBUG_INFO = NO;
				MTL_FAST_MATH = YES;
				SDKROOT = iphoneos;
				SWIFT_COMPILATION_MODE = wholemodule;
				VALIDATE_PRODUCT = YES;
			};
			name = Release;
		};
		3C3F70F82A8D4E0300FF786C /* Debug */ = {
			isa = XCBuildConfiguration;
			buildSettings = {
				ASSETCATALOG_COMPILER_APPICON_NAME = AppIcon;
				ASSETCATALOG_COMPILER_GLOBAL_ACCENT_COLOR_NAME = AccentColor;
				CODE_SIGN_STYLE = Automatic;
				CURRENT_PROJECT_VERSION = 1;
				DEVELOPMENT_ASSET_PATHS = "\"RickAndMorty/Preview Content\"";
				DEVELOPMENT_TEAM = A5PP5569YS;
				ENABLE_PREVIEWS = YES;
				GENERATE_INFOPLIST_FILE = YES;
				INFOPLIST_KEY_UIApplicationSceneManifest_Generation = YES;
				INFOPLIST_KEY_UIApplicationSupportsIndirectInputEvents = YES;
				INFOPLIST_KEY_UILaunchScreen_Generation = YES;
				INFOPLIST_KEY_UISupportedInterfaceOrientations_iPad = "UIInterfaceOrientationPortrait UIInterfaceOrientationPortraitUpsideDown UIInterfaceOrientationLandscapeLeft UIInterfaceOrientationLandscapeRight";
				INFOPLIST_KEY_UISupportedInterfaceOrientations_iPhone = "UIInterfaceOrientationPortrait UIInterfaceOrientationLandscapeLeft UIInterfaceOrientationLandscapeRight";
				LD_RUNPATH_SEARCH_PATHS = (
					"$(inherited)",
					"@executable_path/Frameworks",
				);
				MARKETING_VERSION = 1.0;
				PRODUCT_BUNDLE_IDENTIFIER = dsm5e.RickAndMorty;
				PRODUCT_NAME = "$(TARGET_NAME)";
				SWIFT_EMIT_LOC_STRINGS = YES;
				SWIFT_VERSION = 5.0;
				TARGETED_DEVICE_FAMILY = "1,2";
			};
			name = Debug;
		};
		3C3F70F92A8D4E0300FF786C /* Release */ = {
			isa = XCBuildConfiguration;
			buildSettings = {
				ASSETCATALOG_COMPILER_APPICON_NAME = AppIcon;
				ASSETCATALOG_COMPILER_GLOBAL_ACCENT_COLOR_NAME = AccentColor;
				CODE_SIGN_STYLE = Automatic;
				CURRENT_PROJECT_VERSION = 1;
				DEVELOPMENT_ASSET_PATHS = "\"RickAndMorty/Preview Content\"";
				DEVELOPMENT_TEAM = A5PP5569YS;
				ENABLE_PREVIEWS = YES;
				GENERATE_INFOPLIST_FILE = YES;
				INFOPLIST_KEY_UIApplicationSceneManifest_Generation = YES;
				INFOPLIST_KEY_UIApplicationSupportsIndirectInputEvents = YES;
				INFOPLIST_KEY_UILaunchScreen_Generation = YES;
				INFOPLIST_KEY_UISupportedInterfaceOrientations_iPad = "UIInterfaceOrientationPortrait UIInterfaceOrientationPortraitUpsideDown UIInterfaceOrientationLandscapeLeft UIInterfaceOrientationLandscapeRight";
				INFOPLIST_KEY_UISupportedInterfaceOrientations_iPhone = "UIInterfaceOrientationPortrait UIInterfaceOrientationLandscapeLeft UIInterfaceOrientationLandscapeRight";
				LD_RUNPATH_SEARCH_PATHS = (
					"$(inherited)",
					"@executable_path/Frameworks",
				);
				MARKETING_VERSION = 1.0;
				PRODUCT_BUNDLE_IDENTIFIER = dsm5e.RickAndMorty;
				PRODUCT_NAME = "$(TARGET_NAME)";
				SWIFT_EMIT_LOC_STRINGS = YES;
				SWIFT_VERSION = 5.0;
				TARGETED_DEVICE_FAMILY = "1,2";
			};
			name = Release;
		};
/* End XCBuildConfiguration section */

/* Begin XCConfigurationList section */
		3C3F70E42A8D4DFF00FF786C /* Build configuration list for PBXProject "RickAndMorty" */ = {
			isa = XCConfigurationList;
			buildConfigurations = (
				3C3F70F52A8D4E0300FF786C /* Debug */,
				3C3F70F62A8D4E0300FF786C /* Release */,
			);
			defaultConfigurationIsVisible = 0;
			defaultConfigurationName = Release;
		};
		3C3F70F72A8D4E0300FF786C /* Build configuration list for PBXNativeTarget "RickAndMorty" */ = {
			isa = XCConfigurationList;
			buildConfigurations = (
				3C3F70F82A8D4E0300FF786C /* Debug */,
				3C3F70F92A8D4E0300FF786C /* Release */,
			);
			defaultConfigurationIsVisible = 0;
			defaultConfigurationName = Release;
		};
/* End XCConfigurationList section */
	};
	rootObject = 3C3F70E12A8D4DFF00FF786C /* Project object */;
}
